
Microsoft Visual Studio Solution File, Format Version 12.00
# Visual Studio 15
VisualStudioVersion = 15.0.27130.2024
MinimumVisualStudioVersion = 10.0.40219.1
Project("{9A19103F-16F7-4668-BE54-9A1E7A4F7556}") = "LineBot", "src\LineBot\LineBot.csproj", "{0CFDBD19-D680-43BF-8006-9A750ED4FC97}"
EndProject
Project("{9A19103F-16F7-4668-BE54-9A1E7A4F7556}") = "LineBot.Tests", "tests\LineBot.Tests\LineBot.Tests.csproj", "{A4912707-DF3E-47A1-B4DF-BE727571124A}"
EndProject
Project("{2150E333-8FDC-42A3-9474-1A3956D46DE8}") = "Build", "Build", "{D50535FB-E16E-406A-B609-9CA748FBAAC7}"
	ProjectSection(SolutionItems) = preProject
		.travis.yml = .travis.yml
		appveyor.yml = appveyor.yml
		azure-pipelines.yml = azure-pipelines.yml
		build\build.cmd = build\build.cmd
		build\build.yml = build\build.yml
		build\packages.config = build\packages.config
		build\test.cmd = build\test.cmd
	EndProjectSection
EndProject
Project("{2150E333-8FDC-42A3-9474-1A3956D46DE8}") = "Publish", "Publish", "{76B4276E-C515-41F5-A85D-9BD1CE2BB115}"
	ProjectSection(SolutionItems) = preProject
		publish\publish.cmd = publish\publish.cmd
		publish\push.cmd = publish\push.cmd
	EndProjectSection
EndProject
Project("{2150E333-8FDC-42A3-9474-1A3956D46DE8}") = "Documentation", "Documentation", "{7B689779-DCF4-440A-9936-31693B7CA13A}"
	ProjectSection(SolutionItems) = preProject
		Readme.md = Readme.md
	EndProjectSection
EndProject
Global
	GlobalSection(SolutionConfigurationPlatforms) = preSolution
		Debug|Any CPU = Debug|Any CPU
		Release|Any CPU = Release|Any CPU
	EndGlobalSection
	GlobalSection(ProjectConfigurationPlatforms) = postSolution
		{0CFDBD19-D680-43BF-8006-9A750ED4FC97}.Debug|Any CPU.ActiveCfg = Debug|Any CPU
		{0CFDBD19-D680-43BF-8006-9A750ED4FC97}.Debug|Any CPU.Build.0 = Debug|Any CPU
		{0CFDBD19-D680-43BF-8006-9A750ED4FC97}.Release|Any CPU.ActiveCfg = Release|Any CPU
		{0CFDBD19-D680-43BF-8006-9A750ED4FC97}.Release|Any CPU.Build.0 = Release|Any CPU
		{A4912707-DF3E-47A1-B4DF-BE727571124A}.Debug|Any CPU.ActiveCfg = Debug|Any CPU
		{A4912707-DF3E-47A1-B4DF-BE727571124A}.Debug|Any CPU.Build.0 = Debug|Any CPU
		{A4912707-DF3E-47A1-B4DF-BE727571124A}.Release|Any CPU.ActiveCfg = Release|Any CPU
		{A4912707-DF3E-47A1-B4DF-BE727571124A}.Release|Any CPU.Build.0 = Release|Any CPU
	EndGlobalSection
	GlobalSection(SolutionProperties) = preSolution
		HideSolutionNode = FALSE
	EndGlobalSection
	GlobalSection(ExtensibilityGlobals) = postSolution
		SolutionGuid = {429A347C-449C-4547-89D5-D76D1972002B}
	EndGlobalSection
EndGlobal
